
Microsoft Visual Studio Solution File, Format Version 12.00
# Visual Studio 15
VisualStudioVersion = 15.0.28010.2046
MinimumVisualStudioVersion = 10.0.40219.1
Project("{FAE04EC0-301F-11D3-BF4B-00C04F79EFBC}") = "Server", "Server\Server.csproj", "{F3119663-7084-4568-9260-777B1C68BC27}"
EndProject
Project("{FAE04EC0-301F-11D3-BF4B-00C04F79EFBC}") = "Client", "Client\Client.csproj", "{6F650774-98E0-43BF-9D1A-DF04EBAA0E78}"
EndProject
Global
	GlobalSection(SolutionConfigurationPlatforms) = preSolution
		Debug|Any CPU = Debug|Any CPU
		Release|Any CPU = Release|Any CPU
	EndGlobalSection
	GlobalSection(ProjectConfigurationPlatforms) = postSolution
		{F3119663-7084-4568-9260-777B1C68BC27}.Debug|Any CPU.ActiveCfg = Debug|Any CPU
		{F3119663-7084-4568-9260-777B1C68BC27}.Debug|Any CPU.Build.0 = Debug|Any CPU
		{F3119663-7084-4568-9260-777B1C68BC27}.Release|Any CPU.ActiveCfg = Release|Any CPU
		{F3119663-7084-4568-9260-777B1C68BC27}.Release|Any CPU.Build.0 = Release|Any CPU
		{6F650774-98E0-43BF-9D1A-DF04EBAA0E78}.Debug|Any CPU.ActiveCfg = Debug|Any CPU
		{6F650774-98E0-43BF-9D1A-DF04EBAA0E78}.Debug|Any CPU.Build.0 = Debug|Any CPU
		{6F650774-98E0-43BF-9D1A-DF04EBAA0E78}.Release|Any CPU.ActiveCfg = Release|Any CPU
		{6F650774-98E0-43BF-9D1A-DF04EBAA0E78}.Release|Any CPU.Build.0 = Release|Any CPU
	EndGlobalSection
	GlobalSection(SolutionProperties) = preSolution
		HideSolutionNode = FALSE
	EndGlobalSection
	GlobalSection(ExtensibilityGlobals) = postSolution
		SolutionGuid = {5F99C554-1F9A-4BAB-BD4F-8F2C7775C182}
	EndGlobalSection
EndGlobal
